
Microsoft Visual Studio Solution File, Format Version 12.00
# Visual Studio Version 16
VisualStudioVersion = 16.0.30002.166
MinimumVisualStudioVersion = 10.0.40219.1
Project("{FAE04EC0-301F-11D3-BF4B-00C04F79EFBC}") = "MediaInfo.NET", "MediaInfo.NET.csproj", "{D99C34EE-F518-44E5-AB41-C2D02C9ED5D8}"
EndProject
Global
	GlobalSection(SolutionConfigurationPlatforms) = preSolution
		Debug|Any CPU = Debug|Any CPU
		Release|Any CPU = Release|Any CPU
	EndGlobalSection
	GlobalSection(ProjectConfigurationPlatforms) = postSolution
		{D99C34EE-F518-44E5-AB41-C2D02C9ED5D8}.Debug|Any CPU.ActiveCfg = Debug|Any CPU
		{D99C34EE-F518-44E5-AB41-C2D02C9ED5D8}.Debug|Any CPU.Build.0 = Debug|Any CPU
		{D99C34EE-F518-44E5-AB41-C2D02C9ED5D8}.Release|Any CPU.ActiveCfg = Release|Any CPU
		{D99C34EE-F518-44E5-AB41-C2D02C9ED5D8}.Release|Any CPU.Build.0 = Release|Any CPU
	EndGlobalSection
	GlobalSection(SolutionProperties) = preSolution
		HideSolutionNode = FALSE
	EndGlobalSection
	GlobalSection(ExtensibilityGlobals) = postSolution
		SolutionGuid = {32A5FAEE-359F-4373-B801-C9A11DBDBF4E}
	EndGlobalSection
EndGlobal
